<?xml version="1.0" encoding="utf-8"?>
<Project ToolsVersion="4.0" xmlns="http://schemas.microsoft.com/developer/msbuild/2003">
  <ItemGroup>
    <Filter Include="소스 파일">
      <UniqueIdentifier>{4FC737F1-C7A5-4376-A066-2A32D752A2FF}</UniqueIdentifier>
      <Extensions>cpp;c;cc;cxx;c++;cppm;ixx;def;odl;idl;hpj;bat;asm;asmx</Extensions>
    </Filter>
    <Filter Include="헤더 파일">
      <UniqueIdentifier>{93995380-89BD-4b04-88EB-625FBE52EBFB}</UniqueIdentifier>
      <Extensions>h;hh;hpp;hxx;h++;hm;inl;inc;ipp;xsd</Extensions>
    </Filter>
    <Filter Include="리소스 파일">
      <UniqueIdentifier>{67DA6AB6-F800-4c08-8B7A-83BB121AAD01}</UniqueIdentifier>
      <Extensions>rc;ico;cur;bmp;dlg;rc2;rct;bin;rgs;gif;jpg;jpeg;jpe;resx;tiff;tif;png;wav;mfcribbon-ms</Extensions>
    </Filter>
    <Filter Include="0.GameFramework">
      <UniqueIdentifier>{54b30a6e-012b-448c-bbe4-d5a0d71a4833}</UniqueIdentifier>
    </Filter>
    <Filter Include="0.GameFramework\Timer">
      <UniqueIdentifier>{bed15316-310d-49b1-8a95-33f7d6e37372}</UniqueIdentifier>
    </Filter>
    <Filter Include="User">
      <UniqueIdentifier>{4a8154a5-57b9-43b6-a9d1-effd868fcd89}</UniqueIdentifier>
    </Filter>
    <Filter Include="1.Manager">
      <UniqueIdentifier>{0c896eae-9fae-4042-93c7-23ed579efab6}</UniqueIdentifier>
    </Filter>
  </ItemGroup>
  <ItemGroup>
    <None Include="targetver.h">
      <Filter>헤더 파일</Filter>
    </None>
  </ItemGroup>
  <ItemGroup>
    <ClInclude Include="stdafx.h">
      <Filter>헤더 파일</Filter>
    </ClInclude>
    <ClInclude Include="Packet.h">
      <Filter>헤더 파일</Filter>
    </ClInclude>
    <ClInclude Include="GameFramework.h">
      <Filter>0.GameFramework</Filter>
    </ClInclude>
    <ClInclude Include="Timer.h">
      <Filter>0.GameFramework\Timer</Filter>
    </ClInclude>
    <ClInclude Include="User.h">
      <Filter>User</Filter>
    </ClInclude>
    <ClInclude Include="SessionManager.h">
      <Filter>1.Manager</Filter>
    </ClInclude>
  </ItemGroup>
  <ItemGroup>
    <ClCompile Include="SandyHeroesServer.cpp">
      <Filter>소스 파일</Filter>
    </ClCompile>
    <ClCompile Include="GameFramework.cpp">
      <Filter>0.GameFramework</Filter>
    </ClCompile>
    <ClCompile Include="Timer.cpp">
      <Filter>0.GameFramework\Timer</Filter>
    </ClCompile>
    <ClCompile Include="User.cpp">
      <Filter>User</Filter>
    </ClCompile>
    <ClCompile Include="SessionManager.cpp">
      <Filter>1.Manager</Filter>
    </ClCompile>
  </ItemGroup>
</Project>